
Microsoft Visual Studio Solution File, Format Version 12.00
# Visual Studio Version 16
VisualStudioVersion = 16.0.31313.79
MinimumVisualStudioVersion = 10.0.40219.1
Project("{FAE04EC0-301F-11D3-BF4B-00C04F79EFBC}") = "Kara.Framework.Common", "Kara.Framework.Common.csproj", "{43A69BE2-1D3B-49CE-B08D-2F729DA494DF}"
EndProject
Global
	GlobalSection(SolutionConfigurationPlatforms) = preSolution
		Debug|Any CPU = Debug|Any CPU
		Release|Any CPU = Release|Any CPU
	EndGlobalSection
	GlobalSection(ProjectConfigurationPlatforms) = postSolution
		{43A69BE2-1D3B-49CE-B08D-2F729DA494DF}.Debug|Any CPU.ActiveCfg = Debug|Any CPU
		{43A69BE2-1D3B-49CE-B08D-2F729DA494DF}.Debug|Any CPU.Build.0 = Debug|Any CPU
		{43A69BE2-1D3B-49CE-B08D-2F729DA494DF}.Release|Any CPU.ActiveCfg = Release|Any CPU
		{43A69BE2-1D3B-49CE-B08D-2F729DA494DF}.Release|Any CPU.Build.0 = Release|Any CPU
	EndGlobalSection
	GlobalSection(SolutionProperties) = preSolution
		HideSolutionNode = FALSE
	EndGlobalSection
	GlobalSection(ExtensibilityGlobals) = postSolution
		SolutionGuid = {5582E08F-2FA3-45C7-9ECD-BBB5F130A83D}
	EndGlobalSection
EndGlobal
